// !$*UTF8*$!
{
	archiveVersion = 1;
	classes = {
	};
	objectVersion = 50;
	objects = {

/* Begin PBXBuildFile section */
		7114F36A2654E531009B0D27 /* PushUpCounterApp.swift in Sources */ = {isa = PBXBuildFile; fileRef = 7114F3692654E531009B0D27 /* PushUpCounterApp.swift */; };
		7114F36C2654E531009B0D27 /* ContentView.swift in Sources */ = {isa = PBXBuildFile; fileRef = 7114F36B2654E531009B0D27 /* ContentView.swift */; };
		7114F36E2654E533009B0D27 /* Assets.xcassets in Resources */ = {isa = PBXBuildFile; fileRef = 7114F36D2654E533009B0D27 /* Assets.xcassets */; };
		7114F3712654E533009B0D27 /* Preview Assets.xcassets in Resources */ = {isa = PBXBuildFile; fileRef = 7114F3702654E533009B0D27 /* Preview Assets.xcassets */; };
		71F1863E265DC28D003DED98 /* WorkoutLabel.swift in Sources */ = {isa = PBXBuildFile; fileRef = 71F1863D265DC28D003DED98 /* WorkoutLabel.swift */; };
		71F18640265DC35B003DED98 /* PushUpButton.swift in Sources */ = {isa = PBXBuildFile; fileRef = 71F1863F265DC35B003DED98 /* PushUpButton.swift */; };
		71F18642265DC3E0003DED98 /* PushUpRobot.swift in Sources */ = {isa = PBXBuildFile; fileRef = 71F18641265DC3E0003DED98 /* PushUpRobot.swift */; };
/* End PBXBuildFile section */

/* Begin PBXFileReference section */
		7114F3662654E531009B0D27 /* PushUpCounter.app */ = {isa = PBXFileReference; explicitFileType = wrapper.application; includeInIndex = 0; path = PushUpCounter.app; sourceTree = BUILT_PRODUCTS_DIR; };
		7114F3692654E531009B0D27 /* PushUpCounterApp.swift */ = {isa = PBXFileReference; lastKnownFileType = sourcecode.swift; path = PushUpCounterApp.swift; sourceTree = "<group>"; };
		7114F36B2654E531009B0D27 /* ContentView.swift */ = {isa = PBXFileReference; lastKnownFileType = sourcecode.swift; path = ContentView.swift; sourceTree = "<group>"; };
		7114F36D2654E533009B0D27 /* Assets.xcassets */ = {isa = PBXFileReference; lastKnownFileType = folder.assetcatalog; path = Assets.xcassets; sourceTree = "<group>"; };
		7114F3702654E533009B0D27 /* Preview Assets.xcassets */ = {isa = PBXFileReference; lastKnownFileType = folder.assetcatalog; path = "Preview Assets.xcassets"; sourceTree = "<group>"; };
		7114F3722654E533009B0D27 /* Info.plist */ = {isa = PBXFileReference; lastKnownFileType = text.plist.xml; path = Info.plist; sourceTree = "<group>"; };
		71F1863D265DC28D003DED98 /* WorkoutLabel.swift */ = {isa = PBXFileReference; lastKnownFileType = sourcecode.swift; path = WorkoutLabel.swift; sourceTree = "<group>"; };
		71F1863F265DC35B003DED98 /* PushUpButton.swift */ = {isa = PBXFileReference; lastKnownFileType = sourcecode.swift; path = PushUpButton.swift; sourceTree = "<group>"; };
		71F18641265DC3E0003DED98 /* PushUpRobot.swift */ = {isa = PBXFileReference; lastKnownFileType = sourcecode.swift; path = PushUpRobot.swift; sourceTree = "<group>"; };
/* End PBXFileReference section */

/* Begin PBXFrameworksBuildPhase section */
		7114F3632654E531009B0D27 /* Frameworks */ = {
			isa = PBXFrameworksBuildPhase;
			buildActionMask = 2147483647;
			files = (
			);
			runOnlyForDeploymentPostprocessing = 0;
		};
/* End PBXFrameworksBuildPhase section */

/* Begin PBXGroup section */
		7114F35D2654E531009B0D27 = {
			isa = PBXGroup;
			children = (
				7114F3682654E531009B0D27 /* PushUpCounter */,
				7114F3672654E531009B0D27 /* Products */,
			);
			sourceTree = "<group>";
		};
		7114F3672654E531009B0D27 /* Products */ = {
			isa = PBXGroup;
			children = (
				7114F3662654E531009B0D27 /* PushUpCounter.app */,
			);
			name = Products;
			sourceTree = "<group>";
		};
		7114F3682654E531009B0D27 /* PushUpCounter */ = {
			isa = PBXGroup;
			children = (
				7114F3692654E531009B0D27 /* PushUpCounterApp.swift */,
				7114F36B2654E531009B0D27 /* ContentView.swift */,
				71F1863F265DC35B003DED98 /* PushUpButton.swift */,
				71F18641265DC3E0003DED98 /* PushUpRobot.swift */,
				71F1863D265DC28D003DED98 /* WorkoutLabel.swift */,
				7114F36D2654E533009B0D27 /* Assets.xcassets */,
				7114F3722654E533009B0D27 /* Info.plist */,
				7114F36F2654E533009B0D27 /* Preview Content */,
			);
			path = PushUpCounter;
			sourceTree = "<group>";
		};
		7114F36F2654E533009B0D27 /* Preview Content */ = {
			isa = PBXGroup;
			children = (
				7114F3702654E533009B0D27 /* Preview Assets.xcassets */,
			);
			path = "Preview Content";
			sourceTree = "<group>";
		};
/* End PBXGroup section */

/* Begin PBXNativeTarget section */
		7114F3652654E531009B0D27 /* PushUpCounter */ = {
			isa = PBXNativeTarget;
			buildConfigurationList = 7114F3752654E533009B0D27 /* Build configuration list for PBXNativeTarget "PushUpCounter" */;
			buildPhases = (
				7114F3622654E531009B0D27 /* Sources */,
				7114F3632654E531009B0D27 /* Frameworks */,
				7114F3642654E531009B0D27 /* Resources */,
			);
			buildRules = (
			);
			dependencies = (
			);
			name = PushUpCounter;
			productName = PushUpCounter;
			productReference = 7114F3662654E531009B0D27 /* PushUpCounter.app */;
			productType = "com.apple.product-type.application";
		};
/* End PBXNativeTarget section */

/* Begin PBXProject section */
		7114F35E2654E531009B0D27 /* Project object */ = {
			isa = PBXProject;
			attributes = {
				LastSwiftUpdateCheck = 1240;
				LastUpgradeCheck = 1240;
				TargetAttributes = {
					7114F3652654E531009B0D27 = {
						CreatedOnToolsVersion = 12.4;
					};
				};
			};
			buildConfigurationList = 7114F3612654E531009B0D27 /* Build configuration list for PBXProject "PushUpCounter" */;
			compatibilityVersion = "Xcode 9.3";
			developmentRegion = en;
			hasScannedForEncodings = 0;
			knownRegions = (
				en,
				Base,
			);
			mainGroup = 7114F35D2654E531009B0D27;
			productRefGroup = 7114F3672654E531009B0D27 /* Products */;
			projectDirPath = "";
			projectRoot = "";
			targets = (
				7114F3652654E531009B0D27 /* PushUpCounter */,
			);
		};
/* End PBXProject section */

/* Begin PBXResourcesBuildPhase section */
		7114F3642654E531009B0D27 /* Resources */ = {
			isa = PBXResourcesBuildPhase;
			buildActionMask = 2147483647;
			files = (
				7114F3712654E533009B0D27 /* Preview Assets.xcassets in Resources */,
				7114F36E2654E533009B0D27 /* Assets.xcassets in Resources */,
			);
			runOnlyForDeploymentPostprocessing = 0;
		};
/* End PBXResourcesBuildPhase section */

/* Begin PBXSourcesBuildPhase section */
		7114F3622654E531009B0D27 /* Sources */ = {
			isa = PBXSourcesBuildPhase;
			buildActionMask = 2147483647;
			files = (
				7114F36C2654E531009B0D27 /* ContentView.swift in Sources */,
				71F18642265DC3E0003DED98 /* PushUpRobot.swift in Sources */,
				71F1863E265DC28D003DED98 /* WorkoutLabel.swift in Sources */,
				71F18640265DC35B003DED98 /* PushUpButton.swift in Sources */,
				7114F36A2654E531009B0D27 /* PushUpCounterApp.swift in Sources */,
			);
			runOnlyForDeploymentPostprocessing = 0;
		};
/* End PBXSourcesBuildPhase section */

/* Begin XCBuildConfiguration section */
		7114F3732654E533009B0D27 /* Debug */ = {
			isa = XCBuildConfiguration;
			buildSettings = {
				ALWAYS_SEARCH_USER_PATHS = NO;
				CLANG_ANALYZER_NONNULL = YES;
				CLANG_ANALYZER_NUMBER_OBJECT_CONVERSION = YES_AGGRESSIVE;
				CLANG_CXX_LANGUAGE_STANDARD = "gnu++14";
				CLANG_CXX_LIBRARY = "libc++";
				CLANG_ENABLE_MODULES = YES;
				CLANG_ENABLE_OBJC_ARC = YES;
				CLANG_ENABLE_OBJC_WEAK = YES;
				CLANG_WARN_BLOCK_CAPTURE_AUTORELEASING = YES;
				CLANG_WARN_BOOL_CONVERSION = YES;
				CLANG_WARN_COMMA = YES;
				CLANG_WARN_CONSTANT_CONVERSION = YES;
				CLANG_WARN_DEPRECATED_OBJC_IMPLEMENTATIONS = YES;
				CLANG_WARN_DIRECT_OBJC_ISA_USAGE = YES_ERROR;
				CLANG_WARN_DOCUMENTATION_COMMENTS = YES;
				CLANG_WARN_EMPTY_BODY = YES;
				CLANG_WARN_ENUM_CONVERSION = YES;
				CLANG_WARN_INFINITE_RECURSION = YES;
				CLANG_WARN_INT_CONVERSION = YES;
				CLANG_WARN_NON_LITERAL_NULL_CONVERSION = YES;
				CLANG_WARN_OBJC_IMPLICIT_RETAIN_SELF = YES;
				CLANG_WARN_OBJC_LITERAL_CONVERSION = YES;
				CLANG_WARN_OBJC_ROOT_CLASS = YES_ERROR;
				CLANG_WARN_QUOTED_INCLUDE_IN_FRAMEWORK_HEADER = YES;
				CLANG_WARN_RANGE_LOOP_ANALYSIS = YES;
				CLANG_WARN_STRICT_PROTOTYPES = YES;
				CLANG_WARN_SUSPICIOUS_MOVE = YES;
				CLANG_WARN_UNGUARDED_AVAILABILITY = YES_AGGRESSIVE;
				CLANG_WARN_UNREACHABLE_CODE = YES;
				CLANG_WARN__DUPLICATE_METHOD_MATCH = YES;
				COPY_PHASE_STRIP = NO;
				DEBUG_INFORMATION_FORMAT = dwarf;
				ENABLE_STRICT_OBJC_MSGSEND = YES;
				ENABLE_TESTABILITY = YES;
				GCC_C_LANGUAGE_STANDARD = gnu11;
				GCC_DYNAMIC_NO_PIC = NO;
				GCC_NO_COMMON_BLOCKS = YES;
				GCC_OPTIMIZATION_LEVEL = 0;
				GCC_PREPROCESSOR_DEFINITIONS = (
					"DEBUG=1",
					"$(inherited)",
				);
				GCC_WARN_64_TO_32_BIT_CONVERSION = YES;
				GCC_WARN_ABOUT_RETURN_TYPE = YES_ERROR;
				GCC_WARN_UNDECLARED_SELECTOR = YES;
				GCC_WARN_UNINITIALIZED_AUTOS = YES_AGGRESSIVE;
				GCC_WARN_UNUSED_FUNCTION = YES;
				GCC_WARN_UNUSED_VARIABLE = YES;
				IPHONEOS_DEPLOYMENT_TARGET = 14.4;
				MTL_ENABLE_DEBUG_INFO = INCLUDE_SOURCE;
				MTL_FAST_MATH = YES;
				ONLY_ACTIVE_ARCH = YES;
				SDKROOT = iphoneos;
				SWIFT_ACTIVE_COMPILATION_CONDITIONS = DEBUG;
				SWIFT_OPTIMIZATION_LEVEL = "-Onone";
			};
			name = Debug;
		};
		7114F3742654E533009B0D27 /* Release */ = {
			isa = XCBuildConfiguration;
			buildSettings = {
				ALWAYS_SEARCH_USER_PATHS = NO;
				CLANG_ANALYZER_NONNULL = YES;
				CLANG_ANALYZER_NUMBER_OBJECT_CONVERSION = YES_AGGRESSIVE;
				CLANG_CXX_LANGUAGE_STANDARD = "gnu++14";
				CLANG_CXX_LIBRARY = "libc++";
				CLANG_ENABLE_MODULES = YES;
				CLANG_ENABLE_OBJC_ARC = YES;
				CLANG_ENABLE_OBJC_WEAK = YES;
				CLANG_WARN_BLOCK_CAPTURE_AUTORELEASING = YES;
				CLANG_WARN_BOOL_CONVERSION = YES;
				CLANG_WARN_COMMA = YES;
				CLANG_WARN_CONSTANT_CONVERSION = YES;
				CLANG_WARN_DEPRECATED_OBJC_IMPLEMENTATIONS = YES;
				CLANG_WARN_DIRECT_OBJC_ISA_USAGE = YES_ERROR;
				CLANG_WARN_DOCUMENTATION_COMMENTS = YES;
				CLANG_WARN_EMPTY_BODY = YES;
				CLANG_WARN_ENUM_CONVERSION = YES;
				CLANG_WARN_INFINITE_RECURSION = YES;
				CLANG_WARN_INT_CONVERSION = YES;
				CLANG_WARN_NON_LITERAL_NULL_CONVERSION = YES;
				CLANG_WARN_OBJC_IMPLICIT_RETAIN_SELF = YES;
				CLANG_WARN_OBJC_LITERAL_CONVERSION = YES;
				CLANG_WARN_OBJC_ROOT_CLASS = YES_ERROR;
				CLANG_WARN_QUOTED_INCLUDE_IN_FRAMEWORK_HEADER = YES;
				CLANG_WARN_RANGE_LOOP_ANALYSIS = YES;
				CLANG_WARN_STRICT_PROTOTYPES = YES;
				CLANG_WARN_SUSPICIOUS_MOVE = YES;
				CLANG_WARN_UNGUARDED_AVAILABILITY = YES_AGGRESSIVE;
				CLANG_WARN_UNREACHABLE_CODE = YES;
				CLANG_WARN__DUPLICATE_METHOD_MATCH = YES;
				COPY_PHASE_STRIP = NO;
				DEBUG_INFORMATION_FORMAT = "dwarf-with-dsym";
				ENABLE_NS_ASSERTIONS = NO;
				ENABLE_STRICT_OBJC_MSGSEND = YES;
				GCC_C_LANGUAGE_STANDARD = gnu11;
				GCC_NO_COMMON_BLOCKS = YES;
				GCC_WARN_64_TO_32_BIT_CONVERSION = YES;
				GCC_WARN_ABOUT_RETURN_TYPE = YES_ERROR;
				GCC_WARN_UNDECLARED_SELECTOR = YES;
				GCC_WARN_UNINITIALIZED_AUTOS = YES_AGGRESSIVE;
				GCC_WARN_UNUSED_FUNCTION = YES;
				GCC_WARN_UNUSED_VARIABLE = YES;
				IPHONEOS_DEPLOYMENT_TARGET = 14.4;
				MTL_ENABLE_DEBUG_INFO = NO;
				MTL_FAST_MATH = YES;
				SDKROOT = iphoneos;
				SWIFT_COMPILATION_MODE = wholemodule;
				SWIFT_OPTIMIZATION_LEVEL = "-O";
				VALIDATE_PRODUCT = YES;
			};
			name = Release;
		};
		7114F3762654E533009B0D27 /* Debug */ = {
			isa = XCBuildConfiguration;
			buildSettings = {
				ASSETCATALOG_COMPILER_APPICON_NAME = AppIcon;
				ASSETCATALOG_COMPILER_GLOBAL_ACCENT_COLOR_NAME = AccentColor;
				CODE_SIGN_STYLE = Automatic;
				DEVELOPMENT_ASSET_PATHS = "\"PushUpCounter/Preview Content\"";
				DEVELOPMENT_TEAM = N9XFF3SBPL;
				ENABLE_PREVIEWS = YES;
				INFOPLIST_FILE = PushUpCounter/Info.plist;
				IPHONEOS_DEPLOYMENT_TARGET = 14.0;
				LD_RUNPATH_SEARCH_PATHS = (
					"$(inherited)",
					"@executable_path/Frameworks",
				);
				PRODUCT_BUNDLE_IDENTIFIER = com.bustillox.PushUpCounter;
				PRODUCT_NAME = "$(TARGET_NAME)";
				SWIFT_VERSION = 5.0;
				TARGETED_DEVICE_FAMILY = "1,2";
			};
			name = Debug;
		};
		7114F3772654E533009B0D27 /* Release */ = {
			isa = XCBuildConfiguration;
			buildSettings = {
				ASSETCATALOG_COMPILER_APPICON_NAME = AppIcon;
				ASSETCATALOG_COMPILER_GLOBAL_ACCENT_COLOR_NAME = AccentColor;
				CODE_SIGN_STYLE = Automatic;
				DEVELOPMENT_ASSET_PATHS = "\"PushUpCounter/Preview Content\"";
				DEVELOPMENT_TEAM = N9XFF3SBPL;
				ENABLE_PREVIEWS = YES;
				INFOPLIST_FILE = PushUpCounter/Info.plist;
				IPHONEOS_DEPLOYMENT_TARGET = 14.0;
				LD_RUNPATH_SEARCH_PATHS = (
					"$(inherited)",
					"@executable_path/Frameworks",
				);
				PRODUCT_BUNDLE_IDENTIFIER = com.bustillox.PushUpCounter;
				PRODUCT_NAME = "$(TARGET_NAME)";
				SWIFT_VERSION = 5.0;
				TARGETED_DEVICE_FAMILY = "1,2";
			};
			name = Release;
		};
/* End XCBuildConfiguration section */

/* Begin XCConfigurationList section */
		7114F3612654E531009B0D27 /* Build configuration list for PBXProject "PushUpCounter" */ = {
			isa = XCConfigurationList;
			buildConfigurations = (
				7114F3732654E533009B0D27 /* Debug */,
				7114F3742654E533009B0D27 /* Release */,
			);
			defaultConfigurationIsVisible = 0;
			defaultConfigurationName = Release;
		};
		7114F3752654E533009B0D27 /* Build configuration list for PBXNativeTarget "PushUpCounter" */ = {
			isa = XCConfigurationList;
			buildConfigurations = (
				7114F3762654E533009B0D27 /* Debug */,
				7114F3772654E533009B0D27 /* Release */,
			);
			defaultConfigurationIsVisible = 0;
			defaultConfigurationName = Release;
		};
/* End XCConfigurationList section */
	};
	rootObject = 7114F35E2654E531009B0D27 /* Project object */;
}
